// !$*UTF8*$!
{
	archiveVersion = 1;
	classes = {
	};
	objectVersion = 56;
	objects = {

/* Begin PBXBuildFile section */
		1240CCE52A791F580022753B /* CircleImage.swift in Sources */ = {isa = PBXBuildFile; fileRef = 1240CCE42A791F580022753B /* CircleImage.swift */; };
		1240CCE72A792BF90022753B /* MapView.swift in Sources */ = {isa = PBXBuildFile; fileRef = 1240CCE62A792BF90022753B /* MapView.swift */; };
		127EEB722A78DE2300CDBF90 /* Swift_UI_1App.swift in Sources */ = {isa = PBXBuildFile; fileRef = 127EEB712A78DE2300CDBF90 /* Swift_UI_1App.swift */; };
		127EEB742A78DE2300CDBF90 /* ContentView.swift in Sources */ = {isa = PBXBuildFile; fileRef = 127EEB732A78DE2300CDBF90 /* ContentView.swift */; };
		127EEB762A78DE2400CDBF90 /* Assets.xcassets in Resources */ = {isa = PBXBuildFile; fileRef = 127EEB752A78DE2400CDBF90 /* Assets.xcassets */; };
		127EEB7A2A78DE2400CDBF90 /* Preview Assets.xcassets in Resources */ = {isa = PBXBuildFile; fileRef = 127EEB792A78DE2400CDBF90 /* Preview Assets.xcassets */; };
		127EEB842A78DE2400CDBF90 /* Swift_UI_1Tests.swift in Sources */ = {isa = PBXBuildFile; fileRef = 127EEB832A78DE2400CDBF90 /* Swift_UI_1Tests.swift */; };
		127EEB8E2A78DE2400CDBF90 /* Swift_UI_1UITests.swift in Sources */ = {isa = PBXBuildFile; fileRef = 127EEB8D2A78DE2400CDBF90 /* Swift_UI_1UITests.swift */; };
		127EEB902A78DE2400CDBF90 /* Swift_UI_1UITestsLaunchTests.swift in Sources */ = {isa = PBXBuildFile; fileRef = 127EEB8F2A78DE2400CDBF90 /* Swift_UI_1UITestsLaunchTests.swift */; };
/* End PBXBuildFile section */

/* Begin PBXContainerItemProxy section */
		127EEB802A78DE2400CDBF90 /* PBXContainerItemProxy */ = {
			isa = PBXContainerItemProxy;
			containerPortal = 127EEB662A78DE2300CDBF90 /* Project object */;
			proxyType = 1;
			remoteGlobalIDString = 127EEB6D2A78DE2300CDBF90;
			remoteInfo = Swift_UI_1;
		};
		127EEB8A2A78DE2400CDBF90 /* PBXContainerItemProxy */ = {
			isa = PBXContainerItemProxy;
			containerPortal = 127EEB662A78DE2300CDBF90 /* Project object */;
			proxyType = 1;
			remoteGlobalIDString = 127EEB6D2A78DE2300CDBF90;
			remoteInfo = Swift_UI_1;
		};
/* End PBXContainerItemProxy section */

/* Begin PBXFileReference section */
		1240CCE42A791F580022753B /* CircleImage.swift */ = {isa = PBXFileReference; lastKnownFileType = sourcecode.swift; path = CircleImage.swift; sourceTree = "<group>"; };
		1240CCE62A792BF90022753B /* MapView.swift */ = {isa = PBXFileReference; lastKnownFileType = sourcecode.swift; path = MapView.swift; sourceTree = "<group>"; };
		127EEB6E2A78DE2300CDBF90 /* Swift_UI_1.app */ = {isa = PBXFileReference; explicitFileType = wrapper.application; includeInIndex = 0; path = Swift_UI_1.app; sourceTree = BUILT_PRODUCTS_DIR; };
		127EEB712A78DE2300CDBF90 /* Swift_UI_1App.swift */ = {isa = PBXFileReference; lastKnownFileType = sourcecode.swift; path = Swift_UI_1App.swift; sourceTree = "<group>"; };
		127EEB732A78DE2300CDBF90 /* ContentView.swift */ = {isa = PBXFileReference; lastKnownFileType = sourcecode.swift; path = ContentView.swift; sourceTree = "<group>"; };
		127EEB752A78DE2400CDBF90 /* Assets.xcassets */ = {isa = PBXFileReference; lastKnownFileType = folder.assetcatalog; path = Assets.xcassets; sourceTree = "<group>"; };
		127EEB772A78DE2400CDBF90 /* Swift_UI_1.entitlements */ = {isa = PBXFileReference; lastKnownFileType = text.plist.entitlements; path = Swift_UI_1.entitlements; sourceTree = "<group>"; };
		127EEB792A78DE2400CDBF90 /* Preview Assets.xcassets */ = {isa = PBXFileReference; lastKnownFileType = folder.assetcatalog; path = "Preview Assets.xcassets"; sourceTree = "<group>"; };
		127EEB7F2A78DE2400CDBF90 /* Swift_UI_1Tests.xctest */ = {isa = PBXFileReference; explicitFileType = wrapper.cfbundle; includeInIndex = 0; path = Swift_UI_1Tests.xctest; sourceTree = BUILT_PRODUCTS_DIR; };
		127EEB832A78DE2400CDBF90 /* Swift_UI_1Tests.swift */ = {isa = PBXFileReference; lastKnownFileType = sourcecode.swift; path = Swift_UI_1Tests.swift; sourceTree = "<group>"; };
		127EEB892A78DE2400CDBF90 /* Swift_UI_1UITests.xctest */ = {isa = PBXFileReference; explicitFileType = wrapper.cfbundle; includeInIndex = 0; path = Swift_UI_1UITests.xctest; sourceTree = BUILT_PRODUCTS_DIR; };
		127EEB8D2A78DE2400CDBF90 /* Swift_UI_1UITests.swift */ = {isa = PBXFileReference; lastKnownFileType = sourcecode.swift; path = Swift_UI_1UITests.swift; sourceTree = "<group>"; };
		127EEB8F2A78DE2400CDBF90 /* Swift_UI_1UITestsLaunchTests.swift */ = {isa = PBXFileReference; lastKnownFileType = sourcecode.swift; path = Swift_UI_1UITestsLaunchTests.swift; sourceTree = "<group>"; };
/* End PBXFileReference section */

/* Begin PBXFrameworksBuildPhase section */
		127EEB6B2A78DE2300CDBF90 /* Frameworks */ = {
			isa = PBXFrameworksBuildPhase;
			buildActionMask = 2147483647;
			files = (
			);
			runOnlyForDeploymentPostprocessing = 0;
		};
		127EEB7C2A78DE2400CDBF90 /* Frameworks */ = {
			isa = PBXFrameworksBuildPhase;
			buildActionMask = 2147483647;
			files = (
			);
			runOnlyForDeploymentPostprocessing = 0;
		};
		127EEB862A78DE2400CDBF90 /* Frameworks */ = {
			isa = PBXFrameworksBuildPhase;
			buildActionMask = 2147483647;
			files = (
			);
			runOnlyForDeploymentPostprocessing = 0;
		};
/* End PBXFrameworksBuildPhase section */

/* Begin PBXGroup section */
		127EEB652A78DE2300CDBF90 = {
			isa = PBXGroup;
			children = (
				127EEB702A78DE2300CDBF90 /* Swift_UI_1 */,
				127EEB822A78DE2400CDBF90 /* Swift_UI_1Tests */,
				127EEB8C2A78DE2400CDBF90 /* Swift_UI_1UITests */,
				127EEB6F2A78DE2300CDBF90 /* Products */,
			);
			sourceTree = "<group>";
		};
		127EEB6F2A78DE2300CDBF90 /* Products */ = {
			isa = PBXGroup;
			children = (
				127EEB6E2A78DE2300CDBF90 /* Swift_UI_1.app */,
				127EEB7F2A78DE2400CDBF90 /* Swift_UI_1Tests.xctest */,
				127EEB892A78DE2400CDBF90 /* Swift_UI_1UITests.xctest */,
			);
			name = Products;
			sourceTree = "<group>";
		};
		127EEB702A78DE2300CDBF90 /* Swift_UI_1 */ = {
			isa = PBXGroup;
			children = (
				127EEB712A78DE2300CDBF90 /* Swift_UI_1App.swift */,
				127EEB732A78DE2300CDBF90 /* ContentView.swift */,
				127EEB752A78DE2400CDBF90 /* Assets.xcassets */,
				1240CCE42A791F580022753B /* CircleImage.swift */,
				1240CCE62A792BF90022753B /* MapView.swift */,
				127EEB772A78DE2400CDBF90 /* Swift_UI_1.entitlements */,
				127EEB782A78DE2400CDBF90 /* Preview Content */,
			);
			path = Swift_UI_1;
			sourceTree = "<group>";
		};
		127EEB782A78DE2400CDBF90 /* Preview Content */ = {
			isa = PBXGroup;
			children = (
				127EEB792A78DE2400CDBF90 /* Preview Assets.xcassets */,
			);
			path = "Preview Content";
			sourceTree = "<group>";
		};
		127EEB822A78DE2400CDBF90 /* Swift_UI_1Tests */ = {
			isa = PBXGroup;
			children = (
				127EEB832A78DE2400CDBF90 /* Swift_UI_1Tests.swift */,
			);
			path = Swift_UI_1Tests;
			sourceTree = "<group>";
		};
		127EEB8C2A78DE2400CDBF90 /* Swift_UI_1UITests */ = {
			isa = PBXGroup;
			children = (
				127EEB8D2A78DE2400CDBF90 /* Swift_UI_1UITests.swift */,
				127EEB8F2A78DE2400CDBF90 /* Swift_UI_1UITestsLaunchTests.swift */,
			);
			path = Swift_UI_1UITests;
			sourceTree = "<group>";
		};
/* End PBXGroup section */

/* Begin PBXNativeTarget section */
		127EEB6D2A78DE2300CDBF90 /* Swift_UI_1 */ = {
			isa = PBXNativeTarget;
			buildConfigurationList = 127EEB932A78DE2400CDBF90 /* Build configuration list for PBXNativeTarget "Swift_UI_1" */;
			buildPhases = (
				127EEB6A2A78DE2300CDBF90 /* Sources */,
				127EEB6B2A78DE2300CDBF90 /* Frameworks */,
				127EEB6C2A78DE2300CDBF90 /* Resources */,
			);
			buildRules = (
			);
			dependencies = (
			);
			name = Swift_UI_1;
			productName = Swift_UI_1;
			productReference = 127EEB6E2A78DE2300CDBF90 /* Swift_UI_1.app */;
			productType = "com.apple.product-type.application";
		};
		127EEB7E2A78DE2400CDBF90 /* Swift_UI_1Tests */ = {
			isa = PBXNativeTarget;
			buildConfigurationList = 127EEB962A78DE2400CDBF90 /* Build configuration list for PBXNativeTarget "Swift_UI_1Tests" */;
			buildPhases = (
				127EEB7B2A78DE2400CDBF90 /* Sources */,
				127EEB7C2A78DE2400CDBF90 /* Frameworks */,
				127EEB7D2A78DE2400CDBF90 /* Resources */,
			);
			buildRules = (
			);
			dependencies = (
				127EEB812A78DE2400CDBF90 /* PBXTargetDependency */,
			);
			name = Swift_UI_1Tests;
			productName = Swift_UI_1Tests;
			productReference = 127EEB7F2A78DE2400CDBF90 /* Swift_UI_1Tests.xctest */;
			productType = "com.apple.product-type.bundle.unit-test";
		};
		127EEB882A78DE2400CDBF90 /* Swift_UI_1UITests */ = {
			isa = PBXNativeTarget;
			buildConfigurationList = 127EEB992A78DE2400CDBF90 /* Build configuration list for PBXNativeTarget "Swift_UI_1UITests" */;
			buildPhases = (
				127EEB852A78DE2400CDBF90 /* Sources */,
				127EEB862A78DE2400CDBF90 /* Frameworks */,
				127EEB872A78DE2400CDBF90 /* Resources */,
			);
			buildRules = (
			);
			dependencies = (
				127EEB8B2A78DE2400CDBF90 /* PBXTargetDependency */,
			);
			name = Swift_UI_1UITests;
			productName = Swift_UI_1UITests;
			productReference = 127EEB892A78DE2400CDBF90 /* Swift_UI_1UITests.xctest */;
			productType = "com.apple.product-type.bundle.ui-testing";
		};
/* End PBXNativeTarget section */

/* Begin PBXProject section */
		127EEB662A78DE2300CDBF90 /* Project object */ = {
			isa = PBXProject;
			attributes = {
				BuildIndependentTargetsInParallel = 1;
				LastSwiftUpdateCheck = 1430;
				LastUpgradeCheck = 1430;
				TargetAttributes = {
					127EEB6D2A78DE2300CDBF90 = {
						CreatedOnToolsVersion = 14.3.1;
					};
					127EEB7E2A78DE2400CDBF90 = {
						CreatedOnToolsVersion = 14.3.1;
						TestTargetID = 127EEB6D2A78DE2300CDBF90;
					};
					127EEB882A78DE2400CDBF90 = {
						CreatedOnToolsVersion = 14.3.1;
						TestTargetID = 127EEB6D2A78DE2300CDBF90;
					};
				};
			};
			buildConfigurationList = 127EEB692A78DE2300CDBF90 /* Build configuration list for PBXProject "Swift_UI_1" */;
			compatibilityVersion = "Xcode 14.0";
			developmentRegion = en;
			hasScannedForEncodings = 0;
			knownRegions = (
				en,
				Base,
			);
			mainGroup = 127EEB652A78DE2300CDBF90;
			productRefGroup = 127EEB6F2A78DE2300CDBF90 /* Products */;
			projectDirPath = "";
			projectRoot = "";
			targets = (
				127EEB6D2A78DE2300CDBF90 /* Swift_UI_1 */,
				127EEB7E2A78DE2400CDBF90 /* Swift_UI_1Tests */,
				127EEB882A78DE2400CDBF90 /* Swift_UI_1UITests */,
			);
		};
/* End PBXProject section */

/* Begin PBXResourcesBuildPhase section */
		127EEB6C2A78DE2300CDBF90 /* Resources */ = {
			isa = PBXResourcesBuildPhase;
			buildActionMask = 2147483647;
			files = (
				127EEB7A2A78DE2400CDBF90 /* Preview Assets.xcassets in Resources */,
				127EEB762A78DE2400CDBF90 /* Assets.xcassets in Resources */,
			);
			runOnlyForDeploymentPostprocessing = 0;
		};
		127EEB7D2A78DE2400CDBF90 /* Resources */ = {
			isa = PBXResourcesBuildPhase;
			buildActionMask = 2147483647;
			files = (
			);
			runOnlyForDeploymentPostprocessing = 0;
		};
		127EEB872A78DE2400CDBF90 /* Resources */ = {
			isa = PBXResourcesBuildPhase;
			buildActionMask = 2147483647;
			files = (
			);
			runOnlyForDeploymentPostprocessing = 0;
		};
/* End PBXResourcesBuildPhase section */

/* Begin PBXSourcesBuildPhase section */
		127EEB6A2A78DE2300CDBF90 /* Sources */ = {
			isa = PBXSourcesBuildPhase;
			buildActionMask = 2147483647;
			files = (
				127EEB742A78DE2300CDBF90 /* ContentView.swift in Sources */,
				1240CCE72A792BF90022753B /* MapView.swift in Sources */,
				127EEB722A78DE2300CDBF90 /* Swift_UI_1App.swift in Sources */,
				1240CCE52A791F580022753B /* CircleImage.swift in Sources */,
			);
			runOnlyForDeploymentPostprocessing = 0;
		};
		127EEB7B2A78DE2400CDBF90 /* Sources */ = {
			isa = PBXSourcesBuildPhase;
			buildActionMask = 2147483647;
			files = (
				127EEB842A78DE2400CDBF90 /* Swift_UI_1Tests.swift in Sources */,
			);
			runOnlyForDeploymentPostprocessing = 0;
		};
		127EEB852A78DE2400CDBF90 /* Sources */ = {
			isa = PBXSourcesBuildPhase;
			buildActionMask = 2147483647;
			files = (
				127EEB902A78DE2400CDBF90 /* Swift_UI_1UITestsLaunchTests.swift in Sources */,
				127EEB8E2A78DE2400CDBF90 /* Swift_UI_1UITests.swift in Sources */,
			);
			runOnlyForDeploymentPostprocessing = 0;
		};
/* End PBXSourcesBuildPhase section */

/* Begin PBXTargetDependency section */
		127EEB812A78DE2400CDBF90 /* PBXTargetDependency */ = {
			isa = PBXTargetDependency;
			target = 127EEB6D2A78DE2300CDBF90 /* Swift_UI_1 */;
			targetProxy = 127EEB802A78DE2400CDBF90 /* PBXContainerItemProxy */;
		};
		127EEB8B2A78DE2400CDBF90 /* PBXTargetDependency */ = {
			isa = PBXTargetDependency;
			target = 127EEB6D2A78DE2300CDBF90 /* Swift_UI_1 */;
			targetProxy = 127EEB8A2A78DE2400CDBF90 /* PBXContainerItemProxy */;
		};
/* End PBXTargetDependency section */

/* Begin XCBuildConfiguration section */
		127EEB912A78DE2400CDBF90 /* Debug */ = {
			isa = XCBuildConfiguration;
			buildSettings = {
				ALWAYS_SEARCH_USER_PATHS = NO;
				CLANG_ANALYZER_NONNULL = YES;
				CLANG_ANALYZER_NUMBER_OBJECT_CONVERSION = YES_AGGRESSIVE;
				CLANG_CXX_LANGUAGE_STANDARD = "gnu++20";
				CLANG_ENABLE_MODULES = YES;
				CLANG_ENABLE_OBJC_ARC = YES;
				CLANG_ENABLE_OBJC_WEAK = YES;
				CLANG_WARN_BLOCK_CAPTURE_AUTORELEASING = YES;
				CLANG_WARN_BOOL_CONVERSION = YES;
				CLANG_WARN_COMMA = YES;
				CLANG_WARN_CONSTANT_CONVERSION = YES;
				CLANG_WARN_DEPRECATED_OBJC_IMPLEMENTATIONS = YES;
				CLANG_WARN_DIRECT_OBJC_ISA_USAGE = YES_ERROR;
				CLANG_WARN_DOCUMENTATION_COMMENTS = YES;
				CLANG_WARN_EMPTY_BODY = YES;
				CLANG_WARN_ENUM_CONVERSION = YES;
				CLANG_WARN_INFINITE_RECURSION = YES;
				CLANG_WARN_INT_CONVERSION = YES;
				CLANG_WARN_NON_LITERAL_NULL_CONVERSION = YES;
				CLANG_WARN_OBJC_IMPLICIT_RETAIN_SELF = YES;
				CLANG_WARN_OBJC_LITERAL_CONVERSION = YES;
				CLANG_WARN_OBJC_ROOT_CLASS = YES_ERROR;
				CLANG_WARN_QUOTED_INCLUDE_IN_FRAMEWORK_HEADER = YES;
				CLANG_WARN_RANGE_LOOP_ANALYSIS = YES;
				CLANG_WARN_STRICT_PROTOTYPES = YES;
				CLANG_WARN_SUSPICIOUS_MOVE = YES;
				CLANG_WARN_UNGUARDED_AVAILABILITY = YES_AGGRESSIVE;
				CLANG_WARN_UNREACHABLE_CODE = YES;
				CLANG_WARN__DUPLICATE_METHOD_MATCH = YES;
				COPY_PHASE_STRIP = NO;
				DEBUG_INFORMATION_FORMAT = dwarf;
				ENABLE_STRICT_OBJC_MSGSEND = YES;
				ENABLE_TESTABILITY = YES;
				GCC_C_LANGUAGE_STANDARD = gnu11;
				GCC_DYNAMIC_NO_PIC = NO;
				GCC_NO_COMMON_BLOCKS = YES;
				GCC_OPTIMIZATION_LEVEL = 0;
				GCC_PREPROCESSOR_DEFINITIONS = (
					"DEBUG=1",
					"$(inherited)",
				);
				GCC_WARN_64_TO_32_BIT_CONVERSION = YES;
				GCC_WARN_ABOUT_RETURN_TYPE = YES_ERROR;
				GCC_WARN_UNDECLARED_SELECTOR = YES;
				GCC_WARN_UNINITIALIZED_AUTOS = YES_AGGRESSIVE;
				GCC_WARN_UNUSED_FUNCTION = YES;
				GCC_WARN_UNUSED_VARIABLE = YES;
				MTL_ENABLE_DEBUG_INFO = INCLUDE_SOURCE;
				MTL_FAST_MATH = YES;
				ONLY_ACTIVE_ARCH = YES;
				SWIFT_ACTIVE_COMPILATION_CONDITIONS = DEBUG;
				SWIFT_OPTIMIZATION_LEVEL = "-Onone";
			};
			name = Debug;
		};
		127EEB922A78DE2400CDBF90 /* Release */ = {
			isa = XCBuildConfiguration;
			buildSettings = {
				ALWAYS_SEARCH_USER_PATHS = NO;
				CLANG_ANALYZER_NONNULL = YES;
				CLANG_ANALYZER_NUMBER_OBJECT_CONVERSION = YES_AGGRESSIVE;
				CLANG_CXX_LANGUAGE_STANDARD = "gnu++20";
				CLANG_ENABLE_MODULES = YES;
				CLANG_ENABLE_OBJC_ARC = YES;
				CLANG_ENABLE_OBJC_WEAK = YES;
				CLANG_WARN_BLOCK_CAPTURE_AUTORELEASING = YES;
				CLANG_WARN_BOOL_CONVERSION = YES;
				CLANG_WARN_COMMA = YES;
				CLANG_WARN_CONSTANT_CONVERSION = YES;
				CLANG_WARN_DEPRECATED_OBJC_IMPLEMENTATIONS = YES;
				CLANG_WARN_DIRECT_OBJC_ISA_USAGE = YES_ERROR;
				CLANG_WARN_DOCUMENTATION_COMMENTS = YES;
				CLANG_WARN_EMPTY_BODY = YES;
				CLANG_WARN_ENUM_CONVERSION = YES;
				CLANG_WARN_INFINITE_RECURSION = YES;
				CLANG_WARN_INT_CONVERSION = YES;
				CLANG_WARN_NON_LITERAL_NULL_CONVERSION = YES;
				CLANG_WARN_OBJC_IMPLICIT_RETAIN_SELF = YES;
				CLANG_WARN_OBJC_LITERAL_CONVERSION = YES;
				CLANG_WARN_OBJC_ROOT_CLASS = YES_ERROR;
				CLANG_WARN_QUOTED_INCLUDE_IN_FRAMEWORK_HEADER = YES;
				CLANG_WARN_RANGE_LOOP_ANALYSIS = YES;
				CLANG_WARN_STRICT_PROTOTYPES = YES;
				CLANG_WARN_SUSPICIOUS_MOVE = YES;
				CLANG_WARN_UNGUARDED_AVAILABILITY = YES_AGGRESSIVE;
				CLANG_WARN_UNREACHABLE_CODE = YES;
				CLANG_WARN__DUPLICATE_METHOD_MATCH = YES;
				COPY_PHASE_STRIP = NO;
				DEBUG_INFORMATION_FORMAT = "dwarf-with-dsym";
				ENABLE_NS_ASSERTIONS = NO;
				ENABLE_STRICT_OBJC_MSGSEND = YES;
				GCC_C_LANGUAGE_STANDARD = gnu11;
				GCC_NO_COMMON_BLOCKS = YES;
				GCC_WARN_64_TO_32_BIT_CONVERSION = YES;
				GCC_WARN_ABOUT_RETURN_TYPE = YES_ERROR;
				GCC_WARN_UNDECLARED_SELECTOR = YES;
				GCC_WARN_UNINITIALIZED_AUTOS = YES_AGGRESSIVE;
				GCC_WARN_UNUSED_FUNCTION = YES;
				GCC_WARN_UNUSED_VARIABLE = YES;
				MTL_ENABLE_DEBUG_INFO = NO;
				MTL_FAST_MATH = YES;
				SWIFT_COMPILATION_MODE = wholemodule;
				SWIFT_OPTIMIZATION_LEVEL = "-O";
			};
			name = Release;
		};
		127EEB942A78DE2400CDBF90 /* Debug */ = {
			isa = XCBuildConfiguration;
			buildSettings = {
				ASSETCATALOG_COMPILER_APPICON_NAME = AppIcon;
				ASSETCATALOG_COMPILER_GLOBAL_ACCENT_COLOR_NAME = AccentColor;
				CODE_SIGN_ENTITLEMENTS = Swift_UI_1/Swift_UI_1.entitlements;
				CODE_SIGN_STYLE = Automatic;
				CURRENT_PROJECT_VERSION = 1;
				DEVELOPMENT_ASSET_PATHS = "\"Swift_UI_1/Preview Content\"";
				ENABLE_PREVIEWS = YES;
				GENERATE_INFOPLIST_FILE = YES;
				"INFOPLIST_KEY_UIApplicationSceneManifest_Generation[sdk=iphoneos*]" = YES;
				"INFOPLIST_KEY_UIApplicationSceneManifest_Generation[sdk=iphonesimulator*]" = YES;
				"INFOPLIST_KEY_UIApplicationSupportsIndirectInputEvents[sdk=iphoneos*]" = YES;
				"INFOPLIST_KEY_UIApplicationSupportsIndirectInputEvents[sdk=iphonesimulator*]" = YES;
				"INFOPLIST_KEY_UILaunchScreen_Generation[sdk=iphoneos*]" = YES;
				"INFOPLIST_KEY_UILaunchScreen_Generation[sdk=iphonesimulator*]" = YES;
				"INFOPLIST_KEY_UIStatusBarStyle[sdk=iphoneos*]" = UIStatusBarStyleDefault;
				"INFOPLIST_KEY_UIStatusBarStyle[sdk=iphonesimulator*]" = UIStatusBarStyleDefault;
				INFOPLIST_KEY_UISupportedInterfaceOrientations_iPad = "UIInterfaceOrientationPortrait UIInterfaceOrientationPortraitUpsideDown UIInterfaceOrientationLandscapeLeft UIInterfaceOrientationLandscapeRight";
				INFOPLIST_KEY_UISupportedInterfaceOrientations_iPhone = "UIInterfaceOrientationPortrait UIInterfaceOrientationLandscapeLeft UIInterfaceOrientationLandscapeRight";
				IPHONEOS_DEPLOYMENT_TARGET = 16.4;
				LD_RUNPATH_SEARCH_PATHS = "@executable_path/Frameworks";
				"LD_RUNPATH_SEARCH_PATHS[sdk=macosx*]" = "@executable_path/../Frameworks";
				MACOSX_DEPLOYMENT_TARGET = 13.3;
				MARKETING_VERSION = 1.0;
				PRODUCT_BUNDLE_IDENTIFIER = "com.example.Swift-UI-1.Swift-UI-1";
				PRODUCT_NAME = "$(TARGET_NAME)";
				SDKROOT = auto;
				SUPPORTED_PLATFORMS = "iphoneos iphonesimulator macosx";
				SWIFT_EMIT_LOC_STRINGS = YES;
				SWIFT_VERSION = 5.0;
				TARGETED_DEVICE_FAMILY = "1,2";
			};
			name = Debug;
		};
		127EEB952A78DE2400CDBF90 /* Release */ = {
			isa = XCBuildConfiguration;
			buildSettings = {
				ASSETCATALOG_COMPILER_APPICON_NAME = AppIcon;
				ASSETCATALOG_COMPILER_GLOBAL_ACCENT_COLOR_NAME = AccentColor;
				CODE_SIGN_ENTITLEMENTS = Swift_UI_1/Swift_UI_1.entitlements;
				CODE_SIGN_STYLE = Automatic;
				CURRENT_PROJECT_VERSION = 1;
				DEVELOPMENT_ASSET_PATHS = "\"Swift_UI_1/Preview Content\"";
				ENABLE_PREVIEWS = YES;
				GENERATE_INFOPLIST_FILE = YES;
				"INFOPLIST_KEY_UIApplicationSceneManifest_Generation[sdk=iphoneos*]" = YES;
				"INFOPLIST_KEY_UIApplicationSceneManifest_Generation[sdk=iphonesimulator*]" = YES;
				"INFOPLIST_KEY_UIApplicationSupportsIndirectInputEvents[sdk=iphoneos*]" = YES;
				"INFOPLIST_KEY_UIApplicationSupportsIndirectInputEvents[sdk=iphonesimulator*]" = YES;
				"INFOPLIST_KEY_UILaunchScreen_Generation[sdk=iphoneos*]" = YES;
				"INFOPLIST_KEY_UILaunchScreen_Generation[sdk=iphonesimulator*]" = YES;
				"INFOPLIST_KEY_UIStatusBarStyle[sdk=iphoneos*]" = UIStatusBarStyleDefault;
				"INFOPLIST_KEY_UIStatusBarStyle[sdk=iphonesimulator*]" = UIStatusBarStyleDefault;
				INFOPLIST_KEY_UISupportedInterfaceOrientations_iPad = "UIInterfaceOrientationPortrait UIInterfaceOrientationPortraitUpsideDown UIInterfaceOrientationLandscapeLeft UIInterfaceOrientationLandscapeRight";
				INFOPLIST_KEY_UISupportedInterfaceOrientations_iPhone = "UIInterfaceOrientationPortrait UIInterfaceOrientationLandscapeLeft UIInterfaceOrientationLandscapeRight";
				IPHONEOS_DEPLOYMENT_TARGET = 16.4;
				LD_RUNPATH_SEARCH_PATHS = "@executable_path/Frameworks";
				"LD_RUNPATH_SEARCH_PATHS[sdk=macosx*]" = "@executable_path/../Frameworks";
				MACOSX_DEPLOYMENT_TARGET = 13.3;
				MARKETING_VERSION = 1.0;
				PRODUCT_BUNDLE_IDENTIFIER = "com.example.Swift-UI-1.Swift-UI-1";
				PRODUCT_NAME = "$(TARGET_NAME)";
				SDKROOT = auto;
				SUPPORTED_PLATFORMS = "iphoneos iphonesimulator macosx";
				SWIFT_EMIT_LOC_STRINGS = YES;
				SWIFT_VERSION = 5.0;
				TARGETED_DEVICE_FAMILY = "1,2";
			};
			name = Release;
		};
		127EEB972A78DE2400CDBF90 /* Debug */ = {
			isa = XCBuildConfiguration;
			buildSettings = {
				ALWAYS_EMBED_SWIFT_STANDARD_LIBRARIES = YES;
				BUNDLE_LOADER = "$(TEST_HOST)";
				CODE_SIGN_STYLE = Automatic;
				CURRENT_PROJECT_VERSION = 1;
				GENERATE_INFOPLIST_FILE = YES;
				IPHONEOS_DEPLOYMENT_TARGET = 16.4;
				MACOSX_DEPLOYMENT_TARGET = 13.3;
				MARKETING_VERSION = 1.0;
				PRODUCT_BUNDLE_IDENTIFIER = "com.example.Swift-UI-1.Swift-UI-1Tests";
				PRODUCT_NAME = "$(TARGET_NAME)";
				SDKROOT = auto;
				SUPPORTED_PLATFORMS = "iphoneos iphonesimulator macosx";
				SWIFT_EMIT_LOC_STRINGS = NO;
				SWIFT_VERSION = 5.0;
				TARGETED_DEVICE_FAMILY = "1,2";
				TEST_HOST = "$(BUILT_PRODUCTS_DIR)/Swift_UI_1.app/$(BUNDLE_EXECUTABLE_FOLDER_PATH)/Swift_UI_1";
			};
			name = Debug;
		};
		127EEB982A78DE2400CDBF90 /* Release */ = {
			isa = XCBuildConfiguration;
			buildSettings = {
				ALWAYS_EMBED_SWIFT_STANDARD_LIBRARIES = YES;
				BUNDLE_LOADER = "$(TEST_HOST)";
				CODE_SIGN_STYLE = Automatic;
				CURRENT_PROJECT_VERSION = 1;
				GENERATE_INFOPLIST_FILE = YES;
				IPHONEOS_DEPLOYMENT_TARGET = 16.4;
				MACOSX_DEPLOYMENT_TARGET = 13.3;
				MARKETING_VERSION = 1.0;
				PRODUCT_BUNDLE_IDENTIFIER = "com.example.Swift-UI-1.Swift-UI-1Tests";
				PRODUCT_NAME = "$(TARGET_NAME)";
				SDKROOT = auto;
				SUPPORTED_PLATFORMS = "iphoneos iphonesimulator macosx";
				SWIFT_EMIT_LOC_STRINGS = NO;
				SWIFT_VERSION = 5.0;
				TARGETED_DEVICE_FAMILY = "1,2";
				TEST_HOST = "$(BUILT_PRODUCTS_DIR)/Swift_UI_1.app/$(BUNDLE_EXECUTABLE_FOLDER_PATH)/Swift_UI_1";
			};
			name = Release;
		};
		127EEB9A2A78DE2400CDBF90 /* Debug */ = {
			isa = XCBuildConfiguration;
			buildSettings = {
				ALWAYS_EMBED_SWIFT_STANDARD_LIBRARIES = YES;
				CODE_SIGN_STYLE = Automatic;
				CURRENT_PROJECT_VERSION = 1;
				GENERATE_INFOPLIST_FILE = YES;
				IPHONEOS_DEPLOYMENT_TARGET = 16.4;
				MACOSX_DEPLOYMENT_TARGET = 13.3;
				MARKETING_VERSION = 1.0;
				PRODUCT_BUNDLE_IDENTIFIER = "com.example.Swift-UI-1.Swift-UI-1UITests";
				PRODUCT_NAME = "$(TARGET_NAME)";
				SDKROOT = auto;
				SUPPORTED_PLATFORMS = "iphoneos iphonesimulator macosx";
				SWIFT_EMIT_LOC_STRINGS = NO;
				SWIFT_VERSION = 5.0;
				TARGETED_DEVICE_FAMILY = "1,2";
				TEST_TARGET_NAME = Swift_UI_1;
			};
			name = Debug;
		};
		127EEB9B2A78DE2400CDBF90 /* Release */ = {
			isa = XCBuildConfiguration;
			buildSettings = {
				ALWAYS_EMBED_SWIFT_STANDARD_LIBRARIES = YES;
				CODE_SIGN_STYLE = Automatic;
				CURRENT_PROJECT_VERSION = 1;
				GENERATE_INFOPLIST_FILE = YES;
				IPHONEOS_DEPLOYMENT_TARGET = 16.4;
				MACOSX_DEPLOYMENT_TARGET = 13.3;
				MARKETING_VERSION = 1.0;
				PRODUCT_BUNDLE_IDENTIFIER = "com.example.Swift-UI-1.Swift-UI-1UITests";
				PRODUCT_NAME = "$(TARGET_NAME)";
				SDKROOT = auto;
				SUPPORTED_PLATFORMS = "iphoneos iphonesimulator macosx";
				SWIFT_EMIT_LOC_STRINGS = NO;
				SWIFT_VERSION = 5.0;
				TARGETED_DEVICE_FAMILY = "1,2";
				TEST_TARGET_NAME = Swift_UI_1;
			};
			name = Release;
		};
/* End XCBuildConfiguration section */

/* Begin XCConfigurationList section */
		127EEB692A78DE2300CDBF90 /* Build configuration list for PBXProject "Swift_UI_1" */ = {
			isa = XCConfigurationList;
			buildConfigurations = (
				127EEB912A78DE2400CDBF90 /* Debug */,
				127EEB922A78DE2400CDBF90 /* Release */,
			);
			defaultConfigurationIsVisible = 0;
			defaultConfigurationName = Release;
		};
		127EEB932A78DE2400CDBF90 /* Build configuration list for PBXNativeTarget "Swift_UI_1" */ = {
			isa = XCConfigurationList;
			buildConfigurations = (
				127EEB942A78DE2400CDBF90 /* Debug */,
				127EEB952A78DE2400CDBF90 /* Release */,
			);
			defaultConfigurationIsVisible = 0;
			defaultConfigurationName = Release;
		};
		127EEB962A78DE2400CDBF90 /* Build configuration list for PBXNativeTarget "Swift_UI_1Tests" */ = {
			isa = XCConfigurationList;
			buildConfigurations = (
				127EEB972A78DE2400CDBF90 /* Debug */,
				127EEB982A78DE2400CDBF90 /* Release */,
			);
			defaultConfigurationIsVisible = 0;
			defaultConfigurationName = Release;
		};
		127EEB992A78DE2400CDBF90 /* Build configuration list for PBXNativeTarget "Swift_UI_1UITests" */ = {
			isa = XCConfigurationList;
			buildConfigurations = (
				127EEB9A2A78DE2400CDBF90 /* Debug */,
				127EEB9B2A78DE2400CDBF90 /* Release */,
			);
			defaultConfigurationIsVisible = 0;
			defaultConfigurationName = Release;
		};
/* End XCConfigurationList section */
	};
	rootObject = 127EEB662A78DE2300CDBF90 /* Project object */;
}
